
Microsoft Visual Studio Solution File, Format Version 12.00
# Visual Studio Version 17
VisualStudioVersion = 17.9.34622.214
MinimumVisualStudioVersion = 10.0.40219.1
Project("{9A19103F-16F7-4668-BE54-9A1E7A4F7556}") = "StockStudy.Winform", "StockStudy.Winform\StockStudy.Winform.csproj", "{766D6585-A19D-4A42-B396-93538C3DFF4E}"
EndProject
Project("{9A19103F-16F7-4668-BE54-9A1E7A4F7556}") = "StockStudy.Core", "StockStudy.Core\StockStudy.Core.csproj", "{B2D59671-9D73-423B-8A85-CCAF2C27B179}"
EndProject
Project("{9A19103F-16F7-4668-BE54-9A1E7A4F7556}") = "StockStudy.Drawing2D", "StockStudy.Drawing2D\StockStudy.Drawing2D.csproj", "{5DF3F529-D4A2-44FB-ADF0-B3708067A99B}"
EndProject
Project("{9A19103F-16F7-4668-BE54-9A1E7A4F7556}") = "StockStudy.Tests", "StockStudy.Tests\StockStudy.Tests.csproj", "{AA865863-34B2-4139-80DC-EF35E24EA4F7}"
EndProject
Project("{FAE04EC0-301F-11D3-BF4B-00C04F79EFBC}") = "StockStudy.CmdApp", "StockStudy.CmdApp\StockStudy.CmdApp.csproj", "{CD7A0D2B-FD38-44C8-B5B2-41C022292DC3}"
EndProject
Global
	GlobalSection(SolutionConfigurationPlatforms) = preSolution
		Debug|Any CPU = Debug|Any CPU
		Release|Any CPU = Release|Any CPU
	EndGlobalSection
	GlobalSection(ProjectConfigurationPlatforms) = postSolution
		{766D6585-A19D-4A42-B396-93538C3DFF4E}.Debug|Any CPU.ActiveCfg = Debug|Any CPU
		{766D6585-A19D-4A42-B396-93538C3DFF4E}.Debug|Any CPU.Build.0 = Debug|Any CPU
		{766D6585-A19D-4A42-B396-93538C3DFF4E}.Release|Any CPU.ActiveCfg = Release|Any CPU
		{766D6585-A19D-4A42-B396-93538C3DFF4E}.Release|Any CPU.Build.0 = Release|Any CPU
		{B2D59671-9D73-423B-8A85-CCAF2C27B179}.Debug|Any CPU.ActiveCfg = Debug|Any CPU
		{B2D59671-9D73-423B-8A85-CCAF2C27B179}.Debug|Any CPU.Build.0 = Debug|Any CPU
		{B2D59671-9D73-423B-8A85-CCAF2C27B179}.Release|Any CPU.ActiveCfg = Release|Any CPU
		{B2D59671-9D73-423B-8A85-CCAF2C27B179}.Release|Any CPU.Build.0 = Release|Any CPU
		{5DF3F529-D4A2-44FB-ADF0-B3708067A99B}.Debug|Any CPU.ActiveCfg = Debug|Any CPU
		{5DF3F529-D4A2-44FB-ADF0-B3708067A99B}.Debug|Any CPU.Build.0 = Debug|Any CPU
		{5DF3F529-D4A2-44FB-ADF0-B3708067A99B}.Release|Any CPU.ActiveCfg = Release|Any CPU
		{5DF3F529-D4A2-44FB-ADF0-B3708067A99B}.Release|Any CPU.Build.0 = Release|Any CPU
		{AA865863-34B2-4139-80DC-EF35E24EA4F7}.Debug|Any CPU.ActiveCfg = Debug|Any CPU
		{AA865863-34B2-4139-80DC-EF35E24EA4F7}.Debug|Any CPU.Build.0 = Debug|Any CPU
		{AA865863-34B2-4139-80DC-EF35E24EA4F7}.Release|Any CPU.ActiveCfg = Release|Any CPU
		{AA865863-34B2-4139-80DC-EF35E24EA4F7}.Release|Any CPU.Build.0 = Release|Any CPU
		{CD7A0D2B-FD38-44C8-B5B2-41C022292DC3}.Debug|Any CPU.ActiveCfg = Debug|Any CPU
		{CD7A0D2B-FD38-44C8-B5B2-41C022292DC3}.Debug|Any CPU.Build.0 = Debug|Any CPU
		{CD7A0D2B-FD38-44C8-B5B2-41C022292DC3}.Release|Any CPU.ActiveCfg = Release|Any CPU
		{CD7A0D2B-FD38-44C8-B5B2-41C022292DC3}.Release|Any CPU.Build.0 = Release|Any CPU
	EndGlobalSection
	GlobalSection(SolutionProperties) = preSolution
		HideSolutionNode = FALSE
	EndGlobalSection
	GlobalSection(ExtensibilityGlobals) = postSolution
		SolutionGuid = {D43E4906-F101-451B-8C4D-78D1FCED872A}
	EndGlobalSection
EndGlobal
